# THIS IS AN AUTOGENERATED FILE. DO NOT EDIT THIS FILE DIRECTLY.
# yarn lockfile v1


create-next-app@^13.3.0:
  version "13.3.0"
  resolved "https://registry.yarnpkg.com/create-next-app/-/create-next-app-13.3.0.tgz#57632a70c225f0abf0aefd42d5b2ae7d69c738d8"
  integrity sha512-hgFzUTHLDAAc0yCf/wP1ntfglAfB82g5i4xEk2cv2kKnchGMQyMQrjy0BV/eEHVPCPVz9vjTSGeVqKE2YYPrpg==
